# This file is automatically @generated by Poetry and should not be changed by hand.

[[package]]
name = "attrs"
version = "22.2.0"
description = "Classes Without Boilerplate"
category = "main"
optional = false
python-versions = ">=3.6"
files = [
    {file = "attrs-22.2.0-py3-none-any.whl", hash = "sha256:29e95c7f6778868dbd49170f98f8818f78f3dc5e0e37c0b1f474e3561b240836"},
    {file = "attrs-22.2.0.tar.gz", hash = "sha256:c9227bfc2f01993c03f68db37d1d15c9690188323c067c641f1a35ca58185f99"},
]

[package.extras]
cov = ["attrs[tests]", "coverage-enable-subprocess", "coverage[toml] (>=5.3)"]
dev = ["attrs[docs,tests]"]
docs = ["furo", "myst-parser", "sphinx", "sphinx-notfound-page", "sphinxcontrib-towncrier", "towncrier", "zope.interface"]
tests = ["attrs[tests-no-zope]", "zope.interface"]
tests-no-zope = ["cloudpickle", "cloudpickle", "hypothesis", "hypothesis", "mypy (>=0.971,<0.990)", "mypy (>=0.971,<0.990)", "pympler", "pympler", "pytest (>=4.3.0)", "pytest (>=4.3.0)", "pytest-mypy-plugins", "pytest-mypy-plugins", "pytest-xdist[psutil]", "pytest-xdist[psutil]"]

[[package]]
name = "ckmutil"
version = "0.3.2"
description = "Useful functions for dealing with quark and lepton mixing matrices."
category = "main"
optional = false
python-versions = "*"
files = [
    {file = "ckmutil-0.3.2.tar.gz", hash = "sha256:e11b8d7f567818ffe1aaf843f4f55a06b34f235859e394aa95205124c1e0b9ab"},
]

[package.dependencies]
numpy = "*"
setuptools = ">=3.3"

[[package]]
name = "colorama"
version = "0.4.6"
description = "Cross-platform colored terminal text."
category = "dev"
optional = false
python-versions = "!=3.0.*,!=3.1.*,!=3.2.*,!=3.3.*,!=3.4.*,!=3.5.*,!=3.6.*,>=2.7"
files = [
    {file = "colorama-0.4.6-py2.py3-none-any.whl", hash = "sha256:4f1d9991f5acc0ca119f9d443620b77f9d6b33703e51011c16baf57afb285fc6"},
    {file = "colorama-0.4.6.tar.gz", hash = "sha256:08695f5cb7ed6e0531a20572697297273c47b8cae5a63ffc6d6ed5c201be6e44"},
]

[[package]]
name = "exceptiongroup"
version = "1.1.0"
description = "Backport of PEP 654 (exception groups)"
category = "dev"
optional = false
python-versions = ">=3.7"
files = [
    {file = "exceptiongroup-1.1.0-py3-none-any.whl", hash = "sha256:327cbda3da756e2de031a3107b81ab7b3770a602c4d16ca618298c526f4bec1e"},
    {file = "exceptiongroup-1.1.0.tar.gz", hash = "sha256:bcb67d800a4497e1b404c2dd44fca47d3b7a5e5433dbab67f96c1a685cdfdf23"},
]

[package.extras]
test = ["pytest (>=6)"]

[[package]]
name = "flavio"
version = "2.3.3"
description = "A Python package for flavour physics phenomenology in the Standard Model and beyond"
category = "main"
optional = false
python-versions = "*"
files = []
develop = false

[package.dependencies]
ckmutil = "*"
numpy = ">=1.16.5"
particle = ">=0.16.0"
pyyaml = "*"
scipy = "*"
setuptools = ">=3.3"
wilson = ">=2.0"

[package.extras]
plotting = ["matplotlib (>=2.0)"]
sampling = ["iminuit (>=2.0)"]
testing = ["nose2"]

[package.source]
type = "git"
url = "https://github.com/Jorge-Alda/flavio.git"
reference = "jan2023"
resolved_reference = "42867ce64c7070901415c996801629bba378500e"

[[package]]
name = "hepunits"
version = "2.3.1"
description = "Units and constants in the HEP system of units"
category = "main"
optional = false
python-versions = ">=3.7"
files = [
    {file = "hepunits-2.3.1-py3-none-any.whl", hash = "sha256:e070c3145fb50526a9a5d2fb557faafdd8bb9b8cb0045a27d2d6ac489269b24d"},
    {file = "hepunits-2.3.1.tar.gz", hash = "sha256:b1174bba4d575b9939c01f341e24d9bdbe0e0cd4cc4ce2e7d77692da19145cfb"},
]

[package.extras]
all = ["pytest (>=6)", "pytest-cov (>=2.8.0)"]
dev = ["pytest (>=6)", "pytest-cov (>=2.8.0)"]
test = ["pytest (>=6)", "pytest-cov (>=2.8.0)"]

[[package]]
name = "iniconfig"
version = "2.0.0"
description = "brain-dead simple config-ini parsing"
category = "dev"
optional = false
python-versions = ">=3.7"
files = [
    {file = "iniconfig-2.0.0-py3-none-any.whl", hash = "sha256:b6a85871a79d2e3b22d2d1b94ac2824226a63c6b741c88f7ae975f18b6778374"},
    {file = "iniconfig-2.0.0.tar.gz", hash = "sha256:2d91e135bf72d31a410b17c16da610a82cb55f6b0477d1a902134b24a455b8b3"},
]

[[package]]
name = "multipledispatch"
version = "0.6.0"
description = "Multiple dispatch"
category = "main"
optional = false
python-versions = "*"
files = [
    {file = "multipledispatch-0.6.0-py2-none-any.whl", hash = "sha256:407e6d8c5fa27075968ba07c4db3ef5f02bea4e871e959570eeb69ee39a6565b"},
    {file = "multipledispatch-0.6.0-py3-none-any.whl", hash = "sha256:a55c512128fb3f7c2efd2533f2550accb93c35f1045242ef74645fc92a2c3cba"},
    {file = "multipledispatch-0.6.0.tar.gz", hash = "sha256:a7ab1451fd0bf9b92cab3edbd7b205622fb767aeefb4fb536c2e3de9e0a38bea"},
]

[package.dependencies]
six = "*"

[[package]]
name = "numpy"
version = "1.24.1"
description = "Fundamental package for array computing in Python"
category = "main"
optional = false
python-versions = ">=3.8"
files = [
    {file = "numpy-1.24.1-cp310-cp310-macosx_10_9_x86_64.whl", hash = "sha256:179a7ef0889ab769cc03573b6217f54c8bd8e16cef80aad369e1e8185f994cd7"},
    {file = "numpy-1.24.1-cp310-cp310-macosx_11_0_arm64.whl", hash = "sha256:b09804ff570b907da323b3d762e74432fb07955701b17b08ff1b5ebaa8cfe6a9"},
    {file = "numpy-1.24.1-cp310-cp310-manylinux_2_17_aarch64.manylinux2014_aarch64.whl", hash = "sha256:f1b739841821968798947d3afcefd386fa56da0caf97722a5de53e07c4ccedc7"},
    {file = "numpy-1.24.1-cp310-cp310-manylinux_2_17_x86_64.manylinux2014_x86_64.whl", hash = "sha256:0e3463e6ac25313462e04aea3fb8a0a30fb906d5d300f58b3bc2c23da6a15398"},
    {file = "numpy-1.24.1-cp310-cp310-win32.whl", hash = "sha256:b31da69ed0c18be8b77bfce48d234e55d040793cebb25398e2a7d84199fbc7e2"},
    {file = "numpy-1.24.1-cp310-cp310-win_amd64.whl", hash = "sha256:b07b40f5fb4fa034120a5796288f24c1fe0e0580bbfff99897ba6267af42def2"},
    {file = "numpy-1.24.1-cp311-cp311-macosx_10_9_x86_64.whl", hash = "sha256:7094891dcf79ccc6bc2a1f30428fa5edb1e6fb955411ffff3401fb4ea93780a8"},
    {file = "numpy-1.24.1-cp311-cp311-macosx_11_0_arm64.whl", hash = "sha256:28e418681372520c992805bb723e29d69d6b7aa411065f48216d8329d02ba032"},
    {file = "numpy-1.24.1-cp311-cp311-manylinux_2_17_aarch64.manylinux2014_aarch64.whl", hash = "sha256:e274f0f6c7efd0d577744f52032fdd24344f11c5ae668fe8d01aac0422611df1"},
    {file = "numpy-1.24.1-cp311-cp311-manylinux_2_17_x86_64.manylinux2014_x86_64.whl", hash = "sha256:0044f7d944ee882400890f9ae955220d29b33d809a038923d88e4e01d652acd9"},
    {file = "numpy-1.24.1-cp311-cp311-win32.whl", hash = "sha256:442feb5e5bada8408e8fcd43f3360b78683ff12a4444670a7d9e9824c1817d36"},
    {file = "numpy-1.24.1-cp311-cp311-win_amd64.whl", hash = "sha256:de92efa737875329b052982e37bd4371d52cabf469f83e7b8be9bb7752d67e51"},
    {file = "numpy-1.24.1-cp38-cp38-macosx_10_9_x86_64.whl", hash = "sha256:b162ac10ca38850510caf8ea33f89edcb7b0bb0dfa5592d59909419986b72407"},
    {file = "numpy-1.24.1-cp38-cp38-macosx_11_0_arm64.whl", hash = "sha256:26089487086f2648944f17adaa1a97ca6aee57f513ba5f1c0b7ebdabbe2b9954"},
    {file = "numpy-1.24.1-cp38-cp38-manylinux_2_17_aarch64.manylinux2014_aarch64.whl", hash = "sha256:caf65a396c0d1f9809596be2e444e3bd4190d86d5c1ce21f5fc4be60a3bc5b36"},
    {file = "numpy-1.24.1-cp38-cp38-manylinux_2_17_x86_64.manylinux2014_x86_64.whl", hash = "sha256:b0677a52f5d896e84414761531947c7a330d1adc07c3a4372262f25d84af7bf7"},
    {file = "numpy-1.24.1-cp38-cp38-win32.whl", hash = "sha256:dae46bed2cb79a58d6496ff6d8da1e3b95ba09afeca2e277628171ca99b99db1"},
    {file = "numpy-1.24.1-cp38-cp38-win_amd64.whl", hash = "sha256:6ec0c021cd9fe732e5bab6401adea5a409214ca5592cd92a114f7067febcba0c"},
    {file = "numpy-1.24.1-cp39-cp39-macosx_10_9_x86_64.whl", hash = "sha256:28bc9750ae1f75264ee0f10561709b1462d450a4808cd97c013046073ae64ab6"},
    {file = "numpy-1.24.1-cp39-cp39-macosx_11_0_arm64.whl", hash = "sha256:84e789a085aabef2f36c0515f45e459f02f570c4b4c4c108ac1179c34d475ed7"},
    {file = "numpy-1.24.1-cp39-cp39-manylinux_2_17_aarch64.manylinux2014_aarch64.whl", hash = "sha256:8e669fbdcdd1e945691079c2cae335f3e3a56554e06bbd45d7609a6cf568c700"},
    {file = "numpy-1.24.1-cp39-cp39-manylinux_2_17_x86_64.manylinux2014_x86_64.whl", hash = "sha256:ef85cf1f693c88c1fd229ccd1055570cb41cdf4875873b7728b6301f12cd05bf"},
    {file = "numpy-1.24.1-cp39-cp39-win32.whl", hash = "sha256:87a118968fba001b248aac90e502c0b13606721b1343cdaddbc6e552e8dfb56f"},
    {file = "numpy-1.24.1-cp39-cp39-win_amd64.whl", hash = "sha256:ddc7ab52b322eb1e40521eb422c4e0a20716c271a306860979d450decbb51b8e"},
    {file = "numpy-1.24.1-pp38-pypy38_pp73-macosx_10_9_x86_64.whl", hash = "sha256:ed5fb71d79e771ec930566fae9c02626b939e37271ec285e9efaf1b5d4370e7d"},
    {file = "numpy-1.24.1-pp38-pypy38_pp73-manylinux_2_17_x86_64.manylinux2014_x86_64.whl", hash = "sha256:ad2925567f43643f51255220424c23d204024ed428afc5aad0f86f3ffc080086"},
    {file = "numpy-1.24.1-pp38-pypy38_pp73-win_amd64.whl", hash = "sha256:cfa1161c6ac8f92dea03d625c2d0c05e084668f4a06568b77a25a89111621566"},
    {file = "numpy-1.24.1.tar.gz", hash = "sha256:2386da9a471cc00a1f47845e27d916d5ec5346ae9696e01a8a34760858fe9dd2"},
]

[[package]]
name = "packaging"
version = "23.0"
description = "Core utilities for Python packages"
category = "dev"
optional = false
python-versions = ">=3.7"
files = [
    {file = "packaging-23.0-py3-none-any.whl", hash = "sha256:714ac14496c3e68c99c29b00845f7a2b85f3bb6f1078fd9f72fd20f0570002b2"},
    {file = "packaging-23.0.tar.gz", hash = "sha256:b6ad297f8907de0fa2fe1ccbd26fdaf387f5f47c7275fedf8cce89f99446cf97"},
]

[[package]]
name = "pandas"
version = "1.5.3"
description = "Powerful data structures for data analysis, time series, and statistics"
category = "main"
optional = false
python-versions = ">=3.8"
files = [
    {file = "pandas-1.5.3-cp310-cp310-macosx_10_9_universal2.whl", hash = "sha256:3749077d86e3a2f0ed51367f30bf5b82e131cc0f14260c4d3e499186fccc4406"},
    {file = "pandas-1.5.3-cp310-cp310-macosx_10_9_x86_64.whl", hash = "sha256:972d8a45395f2a2d26733eb8d0f629b2f90bebe8e8eddbb8829b180c09639572"},
    {file = "pandas-1.5.3-cp310-cp310-macosx_11_0_arm64.whl", hash = "sha256:50869a35cbb0f2e0cd5ec04b191e7b12ed688874bd05dd777c19b28cbea90996"},
    {file = "pandas-1.5.3-cp310-cp310-manylinux_2_17_aarch64.manylinux2014_aarch64.whl", hash = "sha256:c3ac844a0fe00bfaeb2c9b51ab1424e5c8744f89860b138434a363b1f620f354"},
    {file = "pandas-1.5.3-cp310-cp310-manylinux_2_17_x86_64.manylinux2014_x86_64.whl", hash = "sha256:7a0a56cef15fd1586726dace5616db75ebcfec9179a3a55e78f72c5639fa2a23"},
    {file = "pandas-1.5.3-cp310-cp310-win_amd64.whl", hash = "sha256:478ff646ca42b20376e4ed3fa2e8d7341e8a63105586efe54fa2508ee087f328"},
    {file = "pandas-1.5.3-cp311-cp311-macosx_10_9_universal2.whl", hash = "sha256:6973549c01ca91ec96199e940495219c887ea815b2083722821f1d7abfa2b4dc"},
    {file = "pandas-1.5.3-cp311-cp311-macosx_10_9_x86_64.whl", hash = "sha256:c39a8da13cede5adcd3be1182883aea1c925476f4e84b2807a46e2775306305d"},
    {file = "pandas-1.5.3-cp311-cp311-macosx_11_0_arm64.whl", hash = "sha256:f76d097d12c82a535fda9dfe5e8dd4127952b45fea9b0276cb30cca5ea313fbc"},
    {file = "pandas-1.5.3-cp311-cp311-manylinux_2_17_aarch64.manylinux2014_aarch64.whl", hash = "sha256:e474390e60ed609cec869b0da796ad94f420bb057d86784191eefc62b65819ae"},
    {file = "pandas-1.5.3-cp311-cp311-manylinux_2_17_x86_64.manylinux2014_x86_64.whl", hash = "sha256:5f2b952406a1588ad4cad5b3f55f520e82e902388a6d5a4a91baa8d38d23c7f6"},
    {file = "pandas-1.5.3-cp311-cp311-win_amd64.whl", hash = "sha256:bc4c368f42b551bf72fac35c5128963a171b40dce866fb066540eeaf46faa003"},
    {file = "pandas-1.5.3-cp38-cp38-macosx_10_9_universal2.whl", hash = "sha256:14e45300521902689a81f3f41386dc86f19b8ba8dd5ac5a3c7010ef8d2932813"},
    {file = "pandas-1.5.3-cp38-cp38-macosx_10_9_x86_64.whl", hash = "sha256:9842b6f4b8479e41968eced654487258ed81df7d1c9b7b870ceea24ed9459b31"},
    {file = "pandas-1.5.3-cp38-cp38-macosx_11_0_arm64.whl", hash = "sha256:26d9c71772c7afb9d5046e6e9cf42d83dd147b5cf5bcb9d97252077118543792"},
    {file = "pandas-1.5.3-cp38-cp38-manylinux_2_17_aarch64.manylinux2014_aarch64.whl", hash = "sha256:5fbcb19d6fceb9e946b3e23258757c7b225ba450990d9ed63ccceeb8cae609f7"},
    {file = "pandas-1.5.3-cp38-cp38-manylinux_2_17_x86_64.manylinux2014_x86_64.whl", hash = "sha256:565fa34a5434d38e9d250af3c12ff931abaf88050551d9fbcdfafca50d62babf"},
    {file = "pandas-1.5.3-cp38-cp38-win32.whl", hash = "sha256:87bd9c03da1ac870a6d2c8902a0e1fd4267ca00f13bc494c9e5a9020920e1d51"},
    {file = "pandas-1.5.3-cp38-cp38-win_amd64.whl", hash = "sha256:41179ce559943d83a9b4bbacb736b04c928b095b5f25dd2b7389eda08f46f373"},
    {file = "pandas-1.5.3-cp39-cp39-macosx_10_9_universal2.whl", hash = "sha256:c74a62747864ed568f5a82a49a23a8d7fe171d0c69038b38cedf0976831296fa"},
    {file = "pandas-1.5.3-cp39-cp39-macosx_10_9_x86_64.whl", hash = "sha256:c4c00e0b0597c8e4f59e8d461f797e5d70b4d025880516a8261b2817c47759ee"},
    {file = "pandas-1.5.3-cp39-cp39-macosx_11_0_arm64.whl", hash = "sha256:a50d9a4336a9621cab7b8eb3fb11adb82de58f9b91d84c2cd526576b881a0c5a"},
    {file = "pandas-1.5.3-cp39-cp39-manylinux_2_17_aarch64.manylinux2014_aarch64.whl", hash = "sha256:dd05f7783b3274aa206a1af06f0ceed3f9b412cf665b7247eacd83be41cf7bf0"},
    {file = "pandas-1.5.3-cp39-cp39-manylinux_2_17_x86_64.manylinux2014_x86_64.whl", hash = "sha256:9f69c4029613de47816b1bb30ff5ac778686688751a5e9c99ad8c7031f6508e5"},
    {file = "pandas-1.5.3-cp39-cp39-win32.whl", hash = "sha256:7cec0bee9f294e5de5bbfc14d0573f65526071029d036b753ee6507d2a21480a"},
    {file = "pandas-1.5.3-cp39-cp39-win_amd64.whl", hash = "sha256:dfd681c5dc216037e0b0a2c821f5ed99ba9f03ebcf119c7dac0e9a7b960b9ec9"},
    {file = "pandas-1.5.3.tar.gz", hash = "sha256:74a3fd7e5a7ec052f183273dc7b0acd3a863edf7520f5d3a1765c04ffdb3b0b1"},
]

[package.dependencies]
numpy = [
    {version = ">=1.21.0", markers = "python_version >= \"3.10\""},
    {version = ">=1.23.2", markers = "python_version >= \"3.11\""},
]
python-dateutil = ">=2.8.1"
pytz = ">=2020.1"

[package.extras]
test = ["hypothesis (>=5.5.3)", "pytest (>=6.0)", "pytest-xdist (>=1.31)"]

[[package]]
name = "particle"
version = "0.21.1"
description = "Extended PDG particle data and MC identification codes"
category = "main"
optional = false
python-versions = ">=3.7"
files = [
    {file = "particle-0.21.1-py3-none-any.whl", hash = "sha256:840a130b5621471a4232bea0eec23b9942f1cbd53e159b65a025547a2cf9a024"},
    {file = "particle-0.21.1.tar.gz", hash = "sha256:330f48550a17654f01c94e8e2365ad9a8dcf26e573e8acf31fb23ea4f624b2c4"},
]

[package.dependencies]
attrs = ">=19.2"
hepunits = ">=2.0.0"

[package.extras]
dev = ["pandas", "pytest (>=6)", "pytest-benchmark", "tabulate"]
test = ["pandas", "pytest (>=6)", "pytest-benchmark", "pytest-cov", "tabulate"]

[[package]]
name = "pluggy"
version = "1.0.0"
description = "plugin and hook calling mechanisms for python"
category = "dev"
optional = false
python-versions = ">=3.6"
files = [
    {file = "pluggy-1.0.0-py2.py3-none-any.whl", hash = "sha256:74134bbf457f031a36d68416e1509f34bd5ccc019f0bcc952c7b909d06b37bd3"},
    {file = "pluggy-1.0.0.tar.gz", hash = "sha256:4224373bacce55f955a878bf9cfa763c1e360858e330072059e10bad68531159"},
]

[package.extras]
dev = ["pre-commit", "tox"]
testing = ["pytest", "pytest-benchmark"]

[[package]]
name = "pylha"
version = "0.4"
description = "A Python package to convert data files in SLHA and similar formats to Python objects, JSON, or YAML."
category = "main"
optional = false
python-versions = "*"
files = [
    {file = "pylha-0.4.tar.gz", hash = "sha256:911f9ff81343a28675933076f96026d2b8a53dbc0aabb953440ca56339c908cf"},
]

[package.dependencies]
pyyaml = "*"

[[package]]
name = "pytest"
version = "7.2.1"
description = "pytest: simple powerful testing with Python"
category = "dev"
optional = false
python-versions = ">=3.7"
files = [
    {file = "pytest-7.2.1-py3-none-any.whl", hash = "sha256:c7c6ca206e93355074ae32f7403e8ea12163b1163c976fee7d4d84027c162be5"},
    {file = "pytest-7.2.1.tar.gz", hash = "sha256:d45e0952f3727241918b8fd0f376f5ff6b301cc0777c6f9a556935c92d8a7d42"},
]

[package.dependencies]
attrs = ">=19.2.0"
colorama = {version = "*", markers = "sys_platform == \"win32\""}
exceptiongroup = {version = ">=1.0.0rc8", markers = "python_version < \"3.11\""}
iniconfig = "*"
packaging = "*"
pluggy = ">=0.12,<2.0"
tomli = {version = ">=1.0.0", markers = "python_version < \"3.11\""}

[package.extras]
testing = ["argcomplete", "hypothesis (>=3.56)", "mock", "nose", "pygments (>=2.7.2)", "requests", "xmlschema"]

[[package]]
name = "python-dateutil"
version = "2.8.2"
description = "Extensions to the standard Python datetime module"
category = "main"
optional = false
python-versions = "!=3.0.*,!=3.1.*,!=3.2.*,>=2.7"
files = [
    {file = "python-dateutil-2.8.2.tar.gz", hash = "sha256:0123cacc1627ae19ddf3c27a5de5bd67ee4586fbdd6440d9748f8abb483d3e86"},
    {file = "python_dateutil-2.8.2-py2.py3-none-any.whl", hash = "sha256:961d03dc3453ebbc59dbdea9e4e11c5651520a876d0f4db161e8674aae935da9"},
]

[package.dependencies]
six = ">=1.5"

[[package]]
name = "pytz"
version = "2022.7.1"
description = "World timezone definitions, modern and historical"
category = "main"
optional = false
python-versions = "*"
files = [
    {file = "pytz-2022.7.1-py2.py3-none-any.whl", hash = "sha256:78f4f37d8198e0627c5f1143240bb0206b8691d8d7ac6d78fee88b78733f8c4a"},
    {file = "pytz-2022.7.1.tar.gz", hash = "sha256:01a0681c4b9684a28304615eba55d1ab31ae00bf68ec157ec3708a8182dbbcd0"},
]

[[package]]
name = "pyyaml"
version = "6.0"
description = "YAML parser and emitter for Python"
category = "main"
optional = false
python-versions = ">=3.6"
files = [
    {file = "PyYAML-6.0-cp310-cp310-macosx_10_9_x86_64.whl", hash = "sha256:d4db7c7aef085872ef65a8fd7d6d09a14ae91f691dec3e87ee5ee0539d516f53"},
    {file = "PyYAML-6.0-cp310-cp310-macosx_11_0_arm64.whl", hash = "sha256:9df7ed3b3d2e0ecfe09e14741b857df43adb5a3ddadc919a2d94fbdf78fea53c"},
    {file = "PyYAML-6.0-cp310-cp310-manylinux_2_17_aarch64.manylinux2014_aarch64.whl", hash = "sha256:77f396e6ef4c73fdc33a9157446466f1cff553d979bd00ecb64385760c6babdc"},
    {file = "PyYAML-6.0-cp310-cp310-manylinux_2_17_s390x.manylinux2014_s390x.whl", hash = "sha256:a80a78046a72361de73f8f395f1f1e49f956c6be882eed58505a15f3e430962b"},
    {file = "PyYAML-6.0-cp310-cp310-manylinux_2_5_x86_64.manylinux1_x86_64.manylinux_2_12_x86_64.manylinux2010_x86_64.whl", hash = "sha256:f84fbc98b019fef2ee9a1cb3ce93e3187a6df0b2538a651bfb890254ba9f90b5"},
    {file = "PyYAML-6.0-cp310-cp310-win32.whl", hash = "sha256:2cd5df3de48857ed0544b34e2d40e9fac445930039f3cfe4bcc592a1f836d513"},
    {file = "PyYAML-6.0-cp310-cp310-win_amd64.whl", hash = "sha256:daf496c58a8c52083df09b80c860005194014c3698698d1a57cbcfa182142a3a"},
    {file = "PyYAML-6.0-cp311-cp311-macosx_10_9_x86_64.whl", hash = "sha256:d4b0ba9512519522b118090257be113b9468d804b19d63c71dbcf4a48fa32358"},
    {file = "PyYAML-6.0-cp311-cp311-macosx_11_0_arm64.whl", hash = "sha256:81957921f441d50af23654aa6c5e5eaf9b06aba7f0a19c18a538dc7ef291c5a1"},
    {file = "PyYAML-6.0-cp311-cp311-manylinux_2_17_aarch64.manylinux2014_aarch64.whl", hash = "sha256:afa17f5bc4d1b10afd4466fd3a44dc0e245382deca5b3c353d8b757f9e3ecb8d"},
    {file = "PyYAML-6.0-cp311-cp311-manylinux_2_17_s390x.manylinux2014_s390x.whl", hash = "sha256:dbad0e9d368bb989f4515da330b88a057617d16b6a8245084f1b05400f24609f"},
    {file = "PyYAML-6.0-cp311-cp311-manylinux_2_17_x86_64.manylinux2014_x86_64.whl", hash = "sha256:432557aa2c09802be39460360ddffd48156e30721f5e8d917f01d31694216782"},
    {file = "PyYAML-6.0-cp311-cp311-win32.whl", hash = "sha256:bfaef573a63ba8923503d27530362590ff4f576c626d86a9fed95822a8255fd7"},
    {file = "PyYAML-6.0-cp311-cp311-win_amd64.whl", hash = "sha256:01b45c0191e6d66c470b6cf1b9531a771a83c1c4208272ead47a3ae4f2f603bf"},
    {file = "PyYAML-6.0-cp36-cp36m-macosx_10_9_x86_64.whl", hash = "sha256:897b80890765f037df3403d22bab41627ca8811ae55e9a722fd0392850ec4d86"},
    {file = "PyYAML-6.0-cp36-cp36m-manylinux_2_17_aarch64.manylinux2014_aarch64.whl", hash = "sha256:50602afada6d6cbfad699b0c7bb50d5ccffa7e46a3d738092afddc1f9758427f"},
    {file = "PyYAML-6.0-cp36-cp36m-manylinux_2_17_s390x.manylinux2014_s390x.whl", hash = "sha256:48c346915c114f5fdb3ead70312bd042a953a8ce5c7106d5bfb1a5254e47da92"},
    {file = "PyYAML-6.0-cp36-cp36m-manylinux_2_5_x86_64.manylinux1_x86_64.manylinux_2_12_x86_64.manylinux2010_x86_64.whl", hash = "sha256:98c4d36e99714e55cfbaaee6dd5badbc9a1ec339ebfc3b1f52e293aee6bb71a4"},
    {file = "PyYAML-6.0-cp36-cp36m-win32.whl", hash = "sha256:0283c35a6a9fbf047493e3a0ce8d79ef5030852c51e9d911a27badfde0605293"},
    {file = "PyYAML-6.0-cp36-cp36m-win_amd64.whl", hash = "sha256:07751360502caac1c067a8132d150cf3d61339af5691fe9e87803040dbc5db57"},
    {file = "PyYAML-6.0-cp37-cp37m-macosx_10_9_x86_64.whl", hash = "sha256:819b3830a1543db06c4d4b865e70ded25be52a2e0631ccd2f6a47a2822f2fd7c"},
    {file = "PyYAML-6.0-cp37-cp37m-manylinux_2_17_aarch64.manylinux2014_aarch64.whl", hash = "sha256:473f9edb243cb1935ab5a084eb238d842fb8f404ed2193a915d1784b5a6b5fc0"},
    {file = "PyYAML-6.0-cp37-cp37m-manylinux_2_17_s390x.manylinux2014_s390x.whl", hash = "sha256:0ce82d761c532fe4ec3f87fc45688bdd3a4c1dc5e0b4a19814b9009a29baefd4"},
    {file = "PyYAML-6.0-cp37-cp37m-manylinux_2_5_x86_64.manylinux1_x86_64.manylinux_2_12_x86_64.manylinux2010_x86_64.whl", hash = "sha256:231710d57adfd809ef5d34183b8ed1eeae3f76459c18fb4a0b373ad56bedcdd9"},
    {file = "PyYAML-6.0-cp37-cp37m-win32.whl", hash = "sha256:c5687b8d43cf58545ade1fe3e055f70eac7a5a1a0bf42824308d868289a95737"},
    {file = "PyYAML-6.0-cp37-cp37m-win_amd64.whl", hash = "sha256:d15a181d1ecd0d4270dc32edb46f7cb7733c7c508857278d3d378d14d606db2d"},
    {file = "PyYAML-6.0-cp38-cp38-macosx_10_9_x86_64.whl", hash = "sha256:0b4624f379dab24d3725ffde76559cff63d9ec94e1736b556dacdfebe5ab6d4b"},
    {file = "PyYAML-6.0-cp38-cp38-manylinux_2_17_aarch64.manylinux2014_aarch64.whl", hash = "sha256:213c60cd50106436cc818accf5baa1aba61c0189ff610f64f4a3e8c6726218ba"},
    {file = "PyYAML-6.0-cp38-cp38-manylinux_2_17_s390x.manylinux2014_s390x.whl", hash = "sha256:9fa600030013c4de8165339db93d182b9431076eb98eb40ee068700c9c813e34"},
    {file = "PyYAML-6.0-cp38-cp38-manylinux_2_5_x86_64.manylinux1_x86_64.manylinux_2_12_x86_64.manylinux2010_x86_64.whl", hash = "sha256:277a0ef2981ca40581a47093e9e2d13b3f1fbbeffae064c1d21bfceba2030287"},
    {file = "PyYAML-6.0-cp38-cp38-win32.whl", hash = "sha256:d4eccecf9adf6fbcc6861a38015c2a64f38b9d94838ac1810a9023a0609e1b78"},
    {file = "PyYAML-6.0-cp38-cp38-win_amd64.whl", hash = "sha256:1e4747bc279b4f613a09eb64bba2ba602d8a6664c6ce6396a4d0cd413a50ce07"},
    {file = "PyYAML-6.0-cp39-cp39-macosx_10_9_x86_64.whl", hash = "sha256:055d937d65826939cb044fc8c9b08889e8c743fdc6a32b33e2390f66013e449b"},
    {file = "PyYAML-6.0-cp39-cp39-macosx_11_0_arm64.whl", hash = "sha256:e61ceaab6f49fb8bdfaa0f92c4b57bcfbea54c09277b1b4f7ac376bfb7a7c174"},
    {file = "PyYAML-6.0-cp39-cp39-manylinux_2_17_aarch64.manylinux2014_aarch64.whl", hash = "sha256:d67d839ede4ed1b28a4e8909735fc992a923cdb84e618544973d7dfc71540803"},
    {file = "PyYAML-6.0-cp39-cp39-manylinux_2_17_s390x.manylinux2014_s390x.whl", hash = "sha256:cba8c411ef271aa037d7357a2bc8f9ee8b58b9965831d9e51baf703280dc73d3"},
    {file = "PyYAML-6.0-cp39-cp39-manylinux_2_5_x86_64.manylinux1_x86_64.manylinux_2_12_x86_64.manylinux2010_x86_64.whl", hash = "sha256:40527857252b61eacd1d9af500c3337ba8deb8fc298940291486c465c8b46ec0"},
    {file = "PyYAML-6.0-cp39-cp39-win32.whl", hash = "sha256:b5b9eccad747aabaaffbc6064800670f0c297e52c12754eb1d976c57e4f74dcb"},
    {file = "PyYAML-6.0-cp39-cp39-win_amd64.whl", hash = "sha256:b3d267842bf12586ba6c734f89d1f5b871df0273157918b0ccefa29deb05c21c"},
    {file = "PyYAML-6.0.tar.gz", hash = "sha256:68fb519c14306fec9720a2a5b45bc9f0c8d1b9c72adf45c37baedfcd949c35a2"},
]

[[package]]
name = "rundec"
version = "0.5.2"
description = "A Python wrapper around the CRunDec package for the  running and decoupling of the strong coupling constant and quark masses"
category = "main"
optional = false
python-versions = "*"
files = [
    {file = "rundec-0.5.2-cp27-cp27m-macosx_10_9_x86_64.whl", hash = "sha256:943c3ed37ea3e6b0744bf2e41c022facfb87390483ddd884d19537153cc0b07e"},
    {file = "rundec-0.5.2-cp27-cp27m-manylinux2010_i686.whl", hash = "sha256:8c55bae0f9ebc1e6d39d1342088c247ad2e2b827d8bd288dc790ead42fb48539"},
    {file = "rundec-0.5.2-cp27-cp27m-manylinux2010_x86_64.whl", hash = "sha256:2b343723115423c29550fa01f6d582cecc147b00bd473e9eee47878e80ea59bc"},
    {file = "rundec-0.5.2-cp27-cp27mu-manylinux2010_i686.whl", hash = "sha256:a12faf4906f7627f53f2bb5c9785e780db2f47cf6100e99962b8171c35c0637f"},
    {file = "rundec-0.5.2-cp27-cp27mu-manylinux2010_x86_64.whl", hash = "sha256:be67bb817fd7dfd2d1f549362625d07e374873ab8d0cddb7378e7848add0f2f8"},
    {file = "rundec-0.5.2-cp310-cp310-macosx_10_9_x86_64.whl", hash = "sha256:6a08316fb5580236689432d171e135e9d35e350ba96542ef7e324aba3a9fe7c4"},
    {file = "rundec-0.5.2-cp310-cp310-macosx_11_0_arm64.whl", hash = "sha256:f4f61f5f6063b36d92118e5786039ba2d14a59d9bfbe3897c51aac363c314844"},
    {file = "rundec-0.5.2-cp310-cp310-manylinux_2_12_i686.manylinux2010_i686.manylinux_2_17_i686.manylinux2014_i686.whl", hash = "sha256:5ed6c61f891e0790f98ee0ebf1b48d4ab51fe375c02574cfdbea48da36c45585"},
    {file = "rundec-0.5.2-cp310-cp310-manylinux_2_17_x86_64.manylinux2014_x86_64.whl", hash = "sha256:156b3845767886860fdd9a7e6278f40251d124a53d252c65576501fca1e9d277"},
    {file = "rundec-0.5.2-cp310-cp310-musllinux_1_1_i686.whl", hash = "sha256:b16d3d195196f02f452c34b91e77f41345ce7b8aa587d8574c4e991764d039fa"},
    {file = "rundec-0.5.2-cp310-cp310-musllinux_1_1_x86_64.whl", hash = "sha256:ddd5a44322e04be20498abd2338b5701fd3fd7b741f21f66b1e8a274c9be8535"},
    {file = "rundec-0.5.2-cp310-cp310-win32.whl", hash = "sha256:4a8e6a3e21d40fd90e511945ffc3111913e708e49c2f5b413af9222b3d12cd09"},
    {file = "rundec-0.5.2-cp310-cp310-win_amd64.whl", hash = "sha256:1eea66eaa9f5644045ba860fd2a7dff52a8b75b6294eaa60d4bc153f0016655a"},
    {file = "rundec-0.5.2-cp311-cp311-macosx_10_9_x86_64.whl", hash = "sha256:01f214d9b14c54d86f227e4acc289ce456e96bce627f879d085be95f5960d3d8"},
    {file = "rundec-0.5.2-cp311-cp311-macosx_11_0_arm64.whl", hash = "sha256:c24de36bf9e6e39afb455de69be7a7051525881d3607f72b039aaeb7334225d5"},
    {file = "rundec-0.5.2-cp311-cp311-manylinux_2_12_i686.manylinux2010_i686.manylinux_2_17_i686.manylinux2014_i686.whl", hash = "sha256:f74dc8c8d456df009a3601fafd51e3276d38994efaa8fb29340f1aaca0d02fe3"},
    {file = "rundec-0.5.2-cp311-cp311-manylinux_2_17_x86_64.manylinux2014_x86_64.whl", hash = "sha256:959f3d09c4224264a328e50527d6aef1e8aca6d402535842a2a9054c54ddcd69"},
    {file = "rundec-0.5.2-cp311-cp311-musllinux_1_1_i686.whl", hash = "sha256:3c077c3c1ac0be88b70f552597d5e63df9ab4eae9bd03a31b19f9fb13d7e12b1"},
    {file = "rundec-0.5.2-cp311-cp311-musllinux_1_1_x86_64.whl", hash = "sha256:48bf49929e330c4b50be1d3cb1530c04603701b5835a1220ff4f7b47c5aecf0e"},
    {file = "rundec-0.5.2-cp311-cp311-win32.whl", hash = "sha256:1049b9a341e9348ef5963c5eee9e14cbf9f01632ffdc5295ddc5c2dbb7d66e1d"},
    {file = "rundec-0.5.2-cp311-cp311-win_amd64.whl", hash = "sha256:9ca7fa280b482bfb9404b5300cdf73de78b53078100a0e37d7843fc149b72516"},
    {file = "rundec-0.5.2-cp35-cp35m-macosx_10_6_intel.whl", hash = "sha256:675032e6955d7d6634e99fb9fbb5bf9cc7e389a03d7afbe7a6f110ef8872e40e"},
    {file = "rundec-0.5.2-cp35-cp35m-macosx_10_9_x86_64.whl", hash = "sha256:6368fe86d916a5a6085b3aa077fa6250bf4cc828c8f35457ecf8d0f85ec1b630"},
    {file = "rundec-0.5.2-cp35-cp35m-manylinux2010_i686.whl", hash = "sha256:4a8411b16bd4bd76e4eff6dc34970550da2177e4453a4e1ffc0e4f5ddd165aeb"},
    {file = "rundec-0.5.2-cp35-cp35m-manylinux2010_x86_64.whl", hash = "sha256:023e91615ac3e8b3a3c1d82b59420fd57680faf864e63e4c064ce367bc8c919f"},
    {file = "rundec-0.5.2-cp35-cp35m-win32.whl", hash = "sha256:d3575d437a035988fb5d222cfbc18af1fece793dbd7679f6b758bb0b969ff393"},
    {file = "rundec-0.5.2-cp35-cp35m-win_amd64.whl", hash = "sha256:8ded8a0b710935a16346b6ba7c03b1e143cbcda9ee1c4abad7e9853c1641aeee"},
    {file = "rundec-0.5.2-cp36-cp36m-macosx_10_6_intel.whl", hash = "sha256:81ba5e62cf95692b9475463a0a253f957b6ffbd0ba36c9e216b9f82afe2b167c"},
    {file = "rundec-0.5.2-cp36-cp36m-macosx_10_9_x86_64.whl", hash = "sha256:e10046cf6ddc88aac73cdc3d4db20440e4cb5565368609e0df4cf9fd70a4db30"},
    {file = "rundec-0.5.2-cp36-cp36m-manylinux2010_i686.whl", hash = "sha256:544b7f8606006bcac10f142b90aafc374b0fd23a67adf33ee6743d91ed993131"},
    {file = "rundec-0.5.2-cp36-cp36m-manylinux2010_x86_64.whl", hash = "sha256:6c48011b16b628c55ffa57ae7754f3314725c8a6301ee8046d23493473ae860d"},
    {file = "rundec-0.5.2-cp36-cp36m-manylinux_2_12_i686.manylinux2010_i686.manylinux_2_17_i686.manylinux2014_i686.whl", hash = "sha256:cb952cd5a94ab05fad15563eda990f5331d73a1bca9d07ff66b886f5355d5173"},
    {file = "rundec-0.5.2-cp36-cp36m-manylinux_2_17_x86_64.manylinux2014_x86_64.whl", hash = "sha256:1946c73ddc68704719544a3781b75411216b5b6546a3ce8b51ec0e9c0b5f7adf"},
    {file = "rundec-0.5.2-cp36-cp36m-musllinux_1_1_i686.whl", hash = "sha256:0897091e6308749da303a317e1bd229e3d544ea427ab61e65ddc206568419935"},
    {file = "rundec-0.5.2-cp36-cp36m-musllinux_1_1_x86_64.whl", hash = "sha256:92a87b9a5a6476c8ac370e9646099a71a62569bdeb2cc6c234c09323193e36de"},
    {file = "rundec-0.5.2-cp36-cp36m-win32.whl", hash = "sha256:4bbe2ac6418e4360cf7ac30412d674de23d75922bbbc1ae31564f544ef80cc5a"},
    {file = "rundec-0.5.2-cp36-cp36m-win_amd64.whl", hash = "sha256:15afe6bd44d61102d76a41d7e9cfb123eb65e72ba1c34ea745c23e715ee43f68"},
    {file = "rundec-0.5.2-cp37-cp37m-macosx_10_6_intel.whl", hash = "sha256:ab80bca1e02eb7f94d2e4cc93ebc4dbbebdf392116ebcdaf91dd59cb7b1b3ba6"},
    {file = "rundec-0.5.2-cp37-cp37m-macosx_10_9_x86_64.whl", hash = "sha256:470827d9a21e105c5760f9ba9d214f1074ede11f14f40fc1d7a48249b88689a8"},
    {file = "rundec-0.5.2-cp37-cp37m-manylinux2010_i686.whl", hash = "sha256:9185cb8d07bf3a905d8f1a65bccf907e8addd045977c719558bedba90a03ae44"},
    {file = "rundec-0.5.2-cp37-cp37m-manylinux2010_x86_64.whl", hash = "sha256:61be75684ba3af90b6f0e536365f13f9d04ee7415b5cc81fca3765a7b60f51e9"},
    {file = "rundec-0.5.2-cp37-cp37m-manylinux_2_12_i686.manylinux2010_i686.manylinux_2_17_i686.manylinux2014_i686.whl", hash = "sha256:53be9445b7f26efe21782e2b58e2e57fb979f290f4cd7b89b94d8e4c8ffb2eb2"},
    {file = "rundec-0.5.2-cp37-cp37m-manylinux_2_17_x86_64.manylinux2014_x86_64.whl", hash = "sha256:3bc56dde4fd1dba270888ecc04a0c0d64857ac7abcb55f48b1d058c30880333a"},
    {file = "rundec-0.5.2-cp37-cp37m-musllinux_1_1_i686.whl", hash = "sha256:031fe62be0ffc2ca8c2d8249d179a4dc4f9083b0353cccf0a6e715ece03cbb41"},
    {file = "rundec-0.5.2-cp37-cp37m-musllinux_1_1_x86_64.whl", hash = "sha256:91aaa7334e08580e26023cb32a4e4835642cb0f025152a37573c481a09156e83"},
    {file = "rundec-0.5.2-cp37-cp37m-win32.whl", hash = "sha256:2842c702987aad807d4d741edd03c512647233aeec26b66a4100d258c16d05ac"},
    {file = "rundec-0.5.2-cp37-cp37m-win_amd64.whl", hash = "sha256:e84d0dcb6d1dcd9177a5707f83114afa854e63ddcaf9a6813d3e22254cc08e2b"},
    {file = "rundec-0.5.2-cp38-cp38-macosx_10_9_x86_64.whl", hash = "sha256:c3432920046a707cc3b69a1fe689d28887a1e5ed187ccf35396c87c6decb8847"},
    {file = "rundec-0.5.2-cp38-cp38-macosx_11_0_arm64.whl", hash = "sha256:cc01be756deee6516d0528dd7d9b7c0a7c899866b31c11df06ab5ffec67ca728"},
    {file = "rundec-0.5.2-cp38-cp38-manylinux2010_i686.whl", hash = "sha256:80d60d9360ef1790e032771f23dadc92a5737a8ba5c9cb42bd227725f71ab6e6"},
    {file = "rundec-0.5.2-cp38-cp38-manylinux2010_x86_64.whl", hash = "sha256:4709f8f046be074b5111e044f780edf454cfa6e27931ba31751cf3a7d6ef4dd6"},
    {file = "rundec-0.5.2-cp38-cp38-manylinux_2_12_i686.manylinux2010_i686.manylinux_2_17_i686.manylinux2014_i686.whl", hash = "sha256:99af77dbc8b2e58089b2ed10123e6dac5fdfbc0c0ca1bdfee1cfb82cec89bc4d"},
    {file = "rundec-0.5.2-cp38-cp38-manylinux_2_17_x86_64.manylinux2014_x86_64.whl", hash = "sha256:3f271187915a42d4b04a95cf65b544d3c9411cf88e1381a65719b1dd895c274f"},
    {file = "rundec-0.5.2-cp38-cp38-musllinux_1_1_i686.whl", hash = "sha256:d3ea8381f0f2f058921127572a855fd800112e3cd3c7d137974e0c8d7493bc86"},
    {file = "rundec-0.5.2-cp38-cp38-musllinux_1_1_x86_64.whl", hash = "sha256:8b4a486cb69eeb3100a6bc848f8055b0d354aeeba3564ecebb8b62b84920bec2"},
    {file = "rundec-0.5.2-cp38-cp38-win32.whl", hash = "sha256:e05be1557f7ec532538c5bc4ab84c7acb68791ed31df02cd126fda3663d95ac5"},
    {file = "rundec-0.5.2-cp38-cp38-win_amd64.whl", hash = "sha256:2fb24a60c0374e928ac7a4ecce2eb7c8e536a0812d345555891bb543435f78bf"},
    {file = "rundec-0.5.2-cp39-cp39-macosx_10_9_x86_64.whl", hash = "sha256:6c550302120aa01907e4cde7ff3b939f5110dea6d48fa75480ef7b45589695ef"},
    {file = "rundec-0.5.2-cp39-cp39-macosx_11_0_arm64.whl", hash = "sha256:8db3fc191b42524c81ea137387a5d9183ec8704a4fe7fe6a69a9616fd7b380d1"},
    {file = "rundec-0.5.2-cp39-cp39-manylinux2010_i686.whl", hash = "sha256:550e24580dc7465b71f40ddcc283ed42b6fba18ca8f75ca9a284d84d835c840d"},
    {file = "rundec-0.5.2-cp39-cp39-manylinux2010_x86_64.whl", hash = "sha256:0344226ecd64a7e9b3d1d43e424185ca7bcdb52f974ddef88909fd8b05706d21"},
    {file = "rundec-0.5.2-cp39-cp39-manylinux_2_12_i686.manylinux2010_i686.manylinux_2_17_i686.manylinux2014_i686.whl", hash = "sha256:737f61ad367f283c8105ebb853e6136b6b3dae94627e7e8092f87d833fc9d28b"},
    {file = "rundec-0.5.2-cp39-cp39-manylinux_2_17_x86_64.manylinux2014_x86_64.whl", hash = "sha256:c0331174a080acede2f00672d5d8efbc808dcfbb413584e1936f3b6552caf896"},
    {file = "rundec-0.5.2-cp39-cp39-musllinux_1_1_i686.whl", hash = "sha256:b9f5253dcc1ae2f1afcd8874a7af4210836d6d8ad85202bb8addb08baba59f28"},
    {file = "rundec-0.5.2-cp39-cp39-musllinux_1_1_x86_64.whl", hash = "sha256:ccde75f40b8b6064d9982a0c5bc6379390f577b9a5503d1426f1d8ab904e4add"},
    {file = "rundec-0.5.2-cp39-cp39-win32.whl", hash = "sha256:200126af30af9d8e9a6f1f0977798eeb88c981df225dc9d462ef69de17b6849b"},
    {file = "rundec-0.5.2-cp39-cp39-win_amd64.whl", hash = "sha256:2bc1bcf34a0b10ae69b853389e5cc22a858e1ff0cb096c8a3db65c5900de2b9f"},
    {file = "rundec-0.5.2-pp27-pypy_73-macosx_10_9_x86_64.whl", hash = "sha256:d10c8d83cbb0e2c74bc8587fbe0d01ac6b09093ab4f65df0af9f15bfd44ab708"},
    {file = "rundec-0.5.2-pp27-pypy_73-manylinux2010_x86_64.whl", hash = "sha256:312540b97ae8aad09d1669a8a6a10fdb82f5919f59224f92fd55de56bc9d68ea"},
    {file = "rundec-0.5.2-pp36-pypy36_pp73-macosx_10_9_x86_64.whl", hash = "sha256:65cbf46441ef930f0a43445860d030b0bb0f530f4c635a533f530ed0f8d68154"},
    {file = "rundec-0.5.2-pp36-pypy36_pp73-manylinux2010_x86_64.whl", hash = "sha256:414c70929514cb0946c78d6715ae2f7fe527515f9522d8bedca74f97f042692d"},
    {file = "rundec-0.5.2-pp36-pypy36_pp73-win32.whl", hash = "sha256:777102433d126c8db747939d96207a91cf637c702ad43592f2a855f250da6e67"},
]

[[package]]
name = "scipy"
version = "1.9.3"
description = "Fundamental algorithms for scientific computing in Python"
category = "main"
optional = false
python-versions = ">=3.8"
files = [
    {file = "scipy-1.9.3-cp310-cp310-macosx_10_9_x86_64.whl", hash = "sha256:1884b66a54887e21addf9c16fb588720a8309a57b2e258ae1c7986d4444d3bc0"},
    {file = "scipy-1.9.3-cp310-cp310-macosx_12_0_arm64.whl", hash = "sha256:83b89e9586c62e787f5012e8475fbb12185bafb996a03257e9675cd73d3736dd"},
    {file = "scipy-1.9.3-cp310-cp310-manylinux_2_17_aarch64.manylinux2014_aarch64.whl", hash = "sha256:1a72d885fa44247f92743fc20732ae55564ff2a519e8302fb7e18717c5355a8b"},
    {file = "scipy-1.9.3-cp310-cp310-manylinux_2_17_x86_64.manylinux2014_x86_64.whl", hash = "sha256:d01e1dd7b15bd2449c8bfc6b7cc67d630700ed655654f0dfcf121600bad205c9"},
    {file = "scipy-1.9.3-cp310-cp310-win_amd64.whl", hash = "sha256:68239b6aa6f9c593da8be1509a05cb7f9efe98b80f43a5861cd24c7557e98523"},
    {file = "scipy-1.9.3-cp311-cp311-macosx_10_9_x86_64.whl", hash = "sha256:b41bc822679ad1c9a5f023bc93f6d0543129ca0f37c1ce294dd9d386f0a21096"},
    {file = "scipy-1.9.3-cp311-cp311-macosx_12_0_arm64.whl", hash = "sha256:90453d2b93ea82a9f434e4e1cba043e779ff67b92f7a0e85d05d286a3625df3c"},
    {file = "scipy-1.9.3-cp311-cp311-manylinux_2_17_aarch64.manylinux2014_aarch64.whl", hash = "sha256:83c06e62a390a9167da60bedd4575a14c1f58ca9dfde59830fc42e5197283dab"},
    {file = "scipy-1.9.3-cp311-cp311-manylinux_2_17_x86_64.manylinux2014_x86_64.whl", hash = "sha256:abaf921531b5aeaafced90157db505e10345e45038c39e5d9b6c7922d68085cb"},
    {file = "scipy-1.9.3-cp311-cp311-win_amd64.whl", hash = "sha256:06d2e1b4c491dc7d8eacea139a1b0b295f74e1a1a0f704c375028f8320d16e31"},
    {file = "scipy-1.9.3-cp38-cp38-macosx_10_9_x86_64.whl", hash = "sha256:5a04cd7d0d3eff6ea4719371cbc44df31411862b9646db617c99718ff68d4840"},
    {file = "scipy-1.9.3-cp38-cp38-macosx_12_0_arm64.whl", hash = "sha256:545c83ffb518094d8c9d83cce216c0c32f8c04aaf28b92cc8283eda0685162d5"},
    {file = "scipy-1.9.3-cp38-cp38-manylinux_2_17_aarch64.manylinux2014_aarch64.whl", hash = "sha256:0d54222d7a3ba6022fdf5773931b5d7c56efe41ede7f7128c7b1637700409108"},
    {file = "scipy-1.9.3-cp38-cp38-manylinux_2_17_x86_64.manylinux2014_x86_64.whl", hash = "sha256:cff3a5295234037e39500d35316a4c5794739433528310e117b8a9a0c76d20fc"},
    {file = "scipy-1.9.3-cp38-cp38-win_amd64.whl", hash = "sha256:2318bef588acc7a574f5bfdff9c172d0b1bf2c8143d9582e05f878e580a3781e"},
    {file = "scipy-1.9.3-cp39-cp39-macosx_10_9_x86_64.whl", hash = "sha256:d644a64e174c16cb4b2e41dfea6af722053e83d066da7343f333a54dae9bc31c"},
    {file = "scipy-1.9.3-cp39-cp39-macosx_12_0_arm64.whl", hash = "sha256:da8245491d73ed0a994ed9c2e380fd058ce2fa8a18da204681f2fe1f57f98f95"},
    {file = "scipy-1.9.3-cp39-cp39-manylinux_2_17_aarch64.manylinux2014_aarch64.whl", hash = "sha256:4db5b30849606a95dcf519763dd3ab6fe9bd91df49eba517359e450a7d80ce2e"},
    {file = "scipy-1.9.3-cp39-cp39-manylinux_2_17_x86_64.manylinux2014_x86_64.whl", hash = "sha256:c68db6b290cbd4049012990d7fe71a2abd9ffbe82c0056ebe0f01df8be5436b0"},
    {file = "scipy-1.9.3-cp39-cp39-win_amd64.whl", hash = "sha256:5b88e6d91ad9d59478fafe92a7c757d00c59e3bdc3331be8ada76a4f8d683f58"},
    {file = "scipy-1.9.3.tar.gz", hash = "sha256:fbc5c05c85c1a02be77b1ff591087c83bc44579c6d2bd9fb798bb64ea5e1a027"},
]

[package.dependencies]
numpy = ">=1.18.5,<1.26.0"

[package.extras]
dev = ["flake8", "mypy", "pycodestyle", "typing_extensions"]
doc = ["matplotlib (>2)", "numpydoc", "pydata-sphinx-theme (==0.9.0)", "sphinx (!=4.1.0)", "sphinx-panels (>=0.5.2)", "sphinx-tabs"]
test = ["asv", "gmpy2", "mpmath", "pytest", "pytest-cov", "pytest-xdist", "scikit-umfpack", "threadpoolctl"]

[[package]]
name = "setuptools"
version = "66.1.1"
description = "Easily download, build, install, upgrade, and uninstall Python packages"
category = "main"
optional = false
python-versions = ">=3.7"
files = [
    {file = "setuptools-66.1.1-py3-none-any.whl", hash = "sha256:6f590d76b713d5de4e49fe4fbca24474469f53c83632d5d0fd056f7ff7e8112b"},
    {file = "setuptools-66.1.1.tar.gz", hash = "sha256:ac4008d396bc9cd983ea483cb7139c0240a07bbc74ffb6232fceffedc6cf03a8"},
]

[package.extras]
docs = ["furo", "jaraco.packaging (>=9)", "jaraco.tidelift (>=1.4)", "pygments-github-lexers (==0.0.5)", "rst.linker (>=1.9)", "sphinx (>=3.5)", "sphinx-favicon", "sphinx-hoverxref (<2)", "sphinx-inline-tabs", "sphinx-lint", "sphinx-notfound-page (==0.8.3)", "sphinx-reredirects", "sphinxcontrib-towncrier"]
testing = ["build[virtualenv]", "filelock (>=3.4.0)", "flake8 (<5)", "flake8-2020", "ini2toml[lite] (>=0.9)", "jaraco.envs (>=2.2)", "jaraco.path (>=3.2.0)", "pip (>=19.1)", "pip-run (>=8.8)", "pytest (>=6)", "pytest-black (>=0.3.7)", "pytest-checkdocs (>=2.4)", "pytest-cov", "pytest-enabler (>=1.3)", "pytest-flake8", "pytest-mypy (>=0.9.1)", "pytest-perf", "pytest-timeout", "pytest-xdist", "tomli-w (>=1.0.0)", "virtualenv (>=13.0.0)", "wheel"]
testing-integration = ["build[virtualenv]", "filelock (>=3.4.0)", "jaraco.envs (>=2.2)", "jaraco.path (>=3.2.0)", "pytest", "pytest-enabler", "pytest-xdist", "tomli", "virtualenv (>=13.0.0)", "wheel"]

[[package]]
name = "six"
version = "1.16.0"
description = "Python 2 and 3 compatibility utilities"
category = "main"
optional = false
python-versions = ">=2.7, !=3.0.*, !=3.1.*, !=3.2.*"
files = [
    {file = "six-1.16.0-py2.py3-none-any.whl", hash = "sha256:8abb2f1d86890a2dfb989f9a77cfcfd3e47c2a354b01111771326f8aa26e0254"},
    {file = "six-1.16.0.tar.gz", hash = "sha256:1e61c37477a1626458e36f7b1d82aa5c9b094fa4802892072e49de9c60c4c926"},
]

[[package]]
name = "tomli"
version = "2.0.1"
description = "A lil' TOML parser"
category = "dev"
optional = false
python-versions = ">=3.7"
files = [
    {file = "tomli-2.0.1-py3-none-any.whl", hash = "sha256:939de3e7a6161af0c887ef91b7d41a53e7c5a1ca976325f429cb46ea9bc30ecc"},
    {file = "tomli-2.0.1.tar.gz", hash = "sha256:de526c12914f0c550d15924c62d72abc48d6fe7364aa87328337a31007fe8a4f"},
]

[[package]]
name = "voluptuous"
version = "0.13.1"
description = ""
category = "main"
optional = false
python-versions = "*"
files = [
    {file = "voluptuous-0.13.1-py3-none-any.whl", hash = "sha256:4b838b185f5951f2d6e8752b68fcf18bd7a9c26ded8f143f92d6d28f3921a3e6"},
    {file = "voluptuous-0.13.1.tar.gz", hash = "sha256:e8d31c20601d6773cb14d4c0f42aee29c6821bbd1018039aac7ac5605b489723"},
]

[[package]]
name = "wilson"
version = "2.3.2"
description = "Toolkit for effective field theories beyond the Standard Model"
category = "main"
optional = false
python-versions = ">=3.6"
files = [
    {file = "wilson-2.3.2-py3-none-any.whl", hash = "sha256:6fcbc6cc8a35bad41fff4583335cc3dbe546f151ef7404f58cf3628c924ee0e3"},
    {file = "wilson-2.3.2.tar.gz", hash = "sha256:92b6ad44d17a3d3371016f2833d0b3a97b3fc052bf742f8dc2c6a0c5a12152be"},
]

[package.dependencies]
ckmutil = ">=0.3.2"
numpy = ">=1.16.5"
pandas = "*"
pylha = ">=0.2"
pyyaml = "*"
rundec = ">=0.5"
scipy = ">=1.0"
voluptuous = "*"

[package.extras]
testing = ["nose"]

[metadata]
lock-version = "2.0"
python-versions = "^3.10"
content-hash = "4b1543cf07262f43ba08e926605c846f1d7536c57bde413c2d4d9470b2181711"
